
Microsoft Visual Studio Solution File, Format Version 12.00
# Visual Studio Version 16
VisualStudioVersion = 16.0.31410.357
MinimumVisualStudioVersion = 10.0.40219.1
Project("{8BC9CEB8-8B4A-11D0-8D11-00A0C91BC942}") = "лаб 2 задание 3", "лаб 2 задание 3\лаб 2 задание 3.vcxproj", "{B56AB05D-1C63-4A1A-96A2-70DA3B0FD389}"
EndProject
Global
	GlobalSection(SolutionConfigurationPlatforms) = preSolution
		Debug|x64 = Debug|x64
		Debug|x86 = Debug|x86
		Release|x64 = Release|x64
		Release|x86 = Release|x86
	EndGlobalSection
	GlobalSection(ProjectConfigurationPlatforms) = postSolution
		{B56AB05D-1C63-4A1A-96A2-70DA3B0FD389}.Debug|x64.ActiveCfg = Debug|x64
		{B56AB05D-1C63-4A1A-96A2-70DA3B0FD389}.Debug|x64.Build.0 = Debug|x64
		{B56AB05D-1C63-4A1A-96A2-70DA3B0FD389}.Debug|x86.ActiveCfg = Debug|Win32
		{B56AB05D-1C63-4A1A-96A2-70DA3B0FD389}.Debug|x86.Build.0 = Debug|Win32
		{B56AB05D-1C63-4A1A-96A2-70DA3B0FD389}.Release|x64.ActiveCfg = Release|x64
		{B56AB05D-1C63-4A1A-96A2-70DA3B0FD389}.Release|x64.Build.0 = Release|x64
		{B56AB05D-1C63-4A1A-96A2-70DA3B0FD389}.Release|x86.ActiveCfg = Release|Win32
		{B56AB05D-1C63-4A1A-96A2-70DA3B0FD389}.Release|x86.Build.0 = Release|Win32
	EndGlobalSection
	GlobalSection(SolutionProperties) = preSolution
		HideSolutionNode = FALSE
	EndGlobalSection
	GlobalSection(ExtensibilityGlobals) = postSolution
		SolutionGuid = {257309AE-0B61-459C-A639-3A26BFA425A6}
	EndGlobalSection
EndGlobal
